{
  "meteor": {},
  "dependencies": {
    "basePackages": {
      "jade": {},
      "iron-router": {},
      "autoform": {},
      "accounts-entry": {},
      "houston": {}
    },
    "packages": {
      "jade": {
        "git": "https://github.com/mquandalle/meteor-jade.git",
        "tag": "v0.2.6",
        "commit": "ab1edd68dccae6f5e946d9a84547043816d57864"
      },
      "iron-router": {
        "git": "https://github.com/EventedMind/iron-router.git",
        "tag": "v0.8.2",
        "commit": "05415a8891ea87a00fb1e2388585f2ca5a38e0da"
      },
      "autoform": {
        "git": "https://github.com/aldeed/meteor-autoform.git",
        "tag": "v0.16.1",
        "commit": "34a447fd3a1b3164c78f865aabbac3ddc2d033fb"
      },
      "accounts-entry": {
        "git": "https://github.com/Differential/accounts-entry.git",
        "tag": "v0.8.0",
        "commit": "cf7f7d0ecc285824bc2748e305f5d693df99b4ae"
      },
      "houston": {
        "git": "https://github.com/gterrono/houston.git",
        "tag": "v1.0.7",
        "commit": "a27e9e42d03764f09a6681a98945787fe1f6303d"
      },
      "iron-layout": {
        "git": "https://github.com/EventedMind/iron-layout.git",
        "tag": "v0.2.0",
        "commit": "4a2d53e35ba036b0c189c7ceca34be494d4c6c97"
      },
      "simple-schema": {
        "git": "https://github.com/aldeed/meteor-simple-schema.git",
        "tag": "v0.7.0",
        "commit": "77d267aec4ba8a70f677e5d9ef9fb91fb0e3f0f6"
      },
      "collection2": {
        "git": "https://github.com/aldeed/meteor-collection2.git",
        "tag": "v0.4.6",
        "commit": "80554182486be0d8e74f7ed02194a5649d712e27"
      },
      "moment": {
        "git": "https://github.com/acreeger/meteor-moment.git",
        "tag": "v2.8.1",
        "commit": "722ea63783d594341023836b7d418ab2567dab8c"
      },
      "accounts-t9n": {
        "git": "https://github.com/softwarerero/meteor-accounts-t9n.git",
        "tag": "v0.0.5",
        "commit": "ad9539a8818049d5d9fa050d8b2a1f62706483b1"
      },
      "simple-form": {
        "git": "https://github.com/Differential/simple-form.git",
        "tag": "v0.1.8",
        "commit": "1ea0d3621b333e6f24f37e0e93efd3c081068716"
      },
      "paginated-subscription": {
        "git": "https://github.com/tmeasday/meteor-paginated-subscription.git",
        "tag": "v0.2.2",
        "commit": "2133a2163575f569f90253f81314f21b2bf08d20"
      },
      "spin": {
        "git": "https://github.com/SachaG/meteor-spin.git",
        "tag": "v2.0.4",
        "commit": "f7b1e12a7caff1283cdb3671a393c182d0ae9862"
      },
      "blaze-layout": {
        "git": "https://github.com/EventedMind/blaze-layout.git",
        "tag": "v0.2.5",
        "commit": "273e3ab7d005d91a1a59c71bd224533b4dae2fbd"
      },
      "iron-core": {
        "git": "https://github.com/EventedMind/iron-core.git",
        "tag": "v0.2.0",
        "commit": "0e48b5dc50d03f01025b7b900fb5ce2f13d52cad"
      },
      "iron-dynamic-template": {
        "git": "https://github.com/EventedMind/iron-dynamic-template.git",
        "tag": "v0.2.1",
        "commit": "4dd1185c4d9d616c9abdb3f33e4a7d5a88db7e18"
      },
      "underscore-string-latest": {
        "git": "https://github.com/TimHeckel/meteor-underscore-string.git",
        "tag": "v2.3.3",
        "commit": "4a5d70eee48fbd90a6e6fc78747250d704a0b3bb"
      }
    }
  }
}
